// !$*UTF8*$!
{
	archiveVersion = 1;
	classes = {
	};
	objectVersion = 56;
	objects = {

/* Begin PBXBuildFile section */
		4D7A936843D3AB3DA7F8B620 /* RoamlyAIApp.swift in Sources */ = {isa = PBXBuildFile; fileRef = 608A19119B795A8B92C2166B /* RoamlyAIApp.swift */; };
		BB7020A4E9ADFA9231E63BA3 /* LandingView.swift in Sources */ = {isa = PBXBuildFile; fileRef = 5B49A044E546F9B5BB14563D /* LandingView.swift */; };
		40868F62B5CAD054B47071B8 /* AudioRecorderViewModel.swift in Sources */ = {isa = PBXBuildFile; fileRef = 35C11E3ECE94803D9AED3323 /* AudioRecorderViewModel.swift */; };
		9CDBADE3C8BB68A1E213ACDB /* AudioMessage.swift in Sources */ = {isa = PBXBuildFile; fileRef = 825F3DE460AA6ADE8C187063 /* AudioMessage.swift */; };
		512BE135EACF7BC4E9A2D407 /* SpeechRecognitionService.swift in Sources */ = {isa = PBXBuildFile; fileRef = 259131EB58FA7D8F650E4050 /* SpeechRecognitionService.swift */; };
		5F11F8015EDE7FED6D470A1F /* TravelAIService.swift in Sources */ = {isa = PBXBuildFile; fileRef = 6F46E136B063DA8A7A2599F8 /* TravelAIService.swift */; };
		C5024FB1D43A47C61C851057 /* GemmaModelManager.swift in Sources */ = {isa = PBXBuildFile; fileRef = 2CE3CCF022E87416FFBEAC94 /* GemmaModelManager.swift */; };
		10A9D0D555FFE56151339B9D /* LocationService.swift in Sources */ = {isa = PBXBuildFile; fileRef = BD54AF5D3BF1528361B87BF4 /* LocationService.swift */; };
		10A898D61F5DAB68CC665F3D /* Assets.xcassets in Resources */ = {isa = PBXBuildFile; fileRef = 7CBAE8952D3CC3FF597E1872 /* Assets.xcassets */; };
		C70122EE8467D397BE60ECBB /* GeoFact.swift in Sources */ = {isa = PBXBuildFile; fileRef = EAC5C6BFE5FFEBA23FC16090 /* GeoFact.swift */; };
		7F46AA2B406C9F200B2ADFFC /* WikipediaFactsService.swift in Sources */ = {isa = PBXBuildFile; fileRef = C8D669B85C57A135BA56BEE7 /* WikipediaFactsService.swift */; };
		E52EA0E34BF7CAB0203AE79F /* GeoFactsStore.swift in Sources */ = {isa = PBXBuildFile; fileRef = 30B5AC43AC3241B7E91D7194 /* GeoFactsStore.swift */; };
		7580A3D31283DF78091B0B89 /* DestinationSetupView.swift in Sources */ = {isa = PBXBuildFile; fileRef = FD3D8648C832CF40962FAE49 /* DestinationSetupView.swift */; };
		D4FAAB5BDA4CF48E92A99C93 /* FoundationModelBridge.swift in Sources */ = {isa = PBXBuildFile; fileRef = B569CC4EA7268AB374DC58FC /* FoundationModelBridge.swift */; };
/* End PBXBuildFile section */

/* Begin PBXFileReference section */
		4464B4246BA12A0A1EF48F30 /* RoamlyAI.app */ = {isa = PBXFileReference; explicitFileType = wrapper.application; includeInIndex = 0; path = RoamlyAI.app; sourceTree = BUILT_PRODUCTS_DIR; };
		608A19119B795A8B92C2166B /* RoamlyAIApp.swift */ = {isa = PBXFileReference; lastKnownFileType = sourcecode.swift; path = RoamlyAIApp.swift; sourceTree = "<group>"; };
		5B49A044E546F9B5BB14563D /* LandingView.swift */ = {isa = PBXFileReference; lastKnownFileType = sourcecode.swift; path = LandingView.swift; sourceTree = "<group>"; };
		35C11E3ECE94803D9AED3323 /* AudioRecorderViewModel.swift */ = {isa = PBXFileReference; lastKnownFileType = sourcecode.swift; path = AudioRecorderViewModel.swift; sourceTree = "<group>"; };
		825F3DE460AA6ADE8C187063 /* AudioMessage.swift */ = {isa = PBXFileReference; lastKnownFileType = sourcecode.swift; path = AudioMessage.swift; sourceTree = "<group>"; };
		259131EB58FA7D8F650E4050 /* SpeechRecognitionService.swift */ = {isa = PBXFileReference; lastKnownFileType = sourcecode.swift; path = SpeechRecognitionService.swift; sourceTree = "<group>"; };
		6F46E136B063DA8A7A2599F8 /* TravelAIService.swift */ = {isa = PBXFileReference; lastKnownFileType = sourcecode.swift; path = TravelAIService.swift; sourceTree = "<group>"; };
		2CE3CCF022E87416FFBEAC94 /* GemmaModelManager.swift */ = {isa = PBXFileReference; lastKnownFileType = sourcecode.swift; path = GemmaModelManager.swift; sourceTree = "<group>"; };
		BD54AF5D3BF1528361B87BF4 /* LocationService.swift */ = {isa = PBXFileReference; lastKnownFileType = sourcecode.swift; path = LocationService.swift; sourceTree = "<group>"; };
		7CBAE8952D3CC3FF597E1872 /* Assets.xcassets */ = {isa = PBXFileReference; lastKnownFileType = folder.assetcatalog; path = Assets.xcassets; sourceTree = "<group>"; };
		EDC6909893AAF90A6D27D0CE /* Info.plist */ = {isa = PBXFileReference; lastKnownFileType = text.plist.xml; path = Info.plist; sourceTree = "<group>"; };
		EAC5C6BFE5FFEBA23FC16090 /* GeoFact.swift */ = {isa = PBXFileReference; lastKnownFileType = sourcecode.swift; path = GeoFact.swift; sourceTree = "<group>"; };
		C8D669B85C57A135BA56BEE7 /* WikipediaFactsService.swift */ = {isa = PBXFileReference; lastKnownFileType = sourcecode.swift; path = WikipediaFactsService.swift; sourceTree = "<group>"; };
		30B5AC43AC3241B7E91D7194 /* GeoFactsStore.swift */ = {isa = PBXFileReference; lastKnownFileType = sourcecode.swift; path = GeoFactsStore.swift; sourceTree = "<group>"; };
		FD3D8648C832CF40962FAE49 /* DestinationSetupView.swift */ = {isa = PBXFileReference; lastKnownFileType = sourcecode.swift; path = DestinationSetupView.swift; sourceTree = "<group>"; };
		B569CC4EA7268AB374DC58FC /* FoundationModelBridge.swift */ = {isa = PBXFileReference; lastKnownFileType = sourcecode.swift; path = FoundationModelBridge.swift; sourceTree = "<group>"; };
/* End PBXFileReference section */

/* Begin PBXFrameworksBuildPhase section */
		7E269DDEA6CABB6422617642 /* Frameworks */ = {
			isa = PBXFrameworksBuildPhase;
			buildActionMask = 2147483647;
			files = (
			);
			runOnlyForDeploymentPostprocessing = 0;
		};
/* End PBXFrameworksBuildPhase section */

/* Begin PBXGroup section */
		402BC73CB5AB7BF94356068F = {
			isa = PBXGroup;
			children = (
				41AB72C06AB057DDB101A19F /* RoamlyAI */,
				27A9D1FE78286A9928A263A2 /* Products */,
			);
			sourceTree = "<group>";
		};
		27A9D1FE78286A9928A263A2 /* Products */ = {
			isa = PBXGroup;
			children = (
				4464B4246BA12A0A1EF48F30 /* RoamlyAI.app */,
			);
			name = Products;
			sourceTree = "<group>";
		};
		41AB72C06AB057DDB101A19F /* RoamlyAI */ = {
			isa = PBXGroup;
			children = (
				608A19119B795A8B92C2166B /* RoamlyAIApp.swift */,
				DC31DF8C439DA68214407288 /* Views */,
				B72FDA4E2782960DF61560DE /* ViewModels */,
				BC960D1858AB9A8834C652B4 /* Models */,
				C1423E0E1B89E78E8CDF7188 /* Services */,
				7CBAE8952D3CC3FF597E1872 /* Assets.xcassets */,
				EDC6909893AAF90A6D27D0CE /* Info.plist */,
			);
			path = RoamlyAI;
			sourceTree = "<group>";
		};
		DC31DF8C439DA68214407288 /* Views */ = {
			isa = PBXGroup;
			children = (
				5B49A044E546F9B5BB14563D /* LandingView.swift */,
				FD3D8648C832CF40962FAE49 /* DestinationSetupView.swift */,
			);
			path = Views;
			sourceTree = "<group>";
		};
		B72FDA4E2782960DF61560DE /* ViewModels */ = {
			isa = PBXGroup;
			children = (
				35C11E3ECE94803D9AED3323 /* AudioRecorderViewModel.swift */,
			);
			path = ViewModels;
			sourceTree = "<group>";
		};
		BC960D1858AB9A8834C652B4 /* Models */ = {
			isa = PBXGroup;
			children = (
				825F3DE460AA6ADE8C187063 /* AudioMessage.swift */,
				EAC5C6BFE5FFEBA23FC16090 /* GeoFact.swift */,
			);
			path = Models;
			sourceTree = "<group>";
		};
		C1423E0E1B89E78E8CDF7188 /* Services */ = {
			isa = PBXGroup;
			children = (
				259131EB58FA7D8F650E4050 /* SpeechRecognitionService.swift */,
				6F46E136B063DA8A7A2599F8 /* TravelAIService.swift */,
				2CE3CCF022E87416FFBEAC94 /* GemmaModelManager.swift */,
				BD54AF5D3BF1528361B87BF4 /* LocationService.swift */,
				C8D669B85C57A135BA56BEE7 /* WikipediaFactsService.swift */,
				30B5AC43AC3241B7E91D7194 /* GeoFactsStore.swift */,
				B569CC4EA7268AB374DC58FC /* FoundationModelBridge.swift */,
			);
			path = Services;
			sourceTree = "<group>";
		};
/* End PBXGroup section */

/* Begin PBXNativeTarget section */
		3E6CBAAE7AB258D285C42E16 /* RoamlyAI */ = {
			isa = PBXNativeTarget;
			buildConfigurationList = 3E1527BB7CAB8923303648E6 /* Build configuration list for PBXNativeTarget "RoamlyAI" */;
			buildPhases = (
				9187B12A9F91EEDE1A435B2F /* Sources */,
				7E269DDEA6CABB6422617642 /* Frameworks */,
				9333C363E1D5233015BB16B6 /* Resources */,
			);
			buildRules = (
			);
			dependencies = (
			);
			name = RoamlyAI;
			productName = RoamlyAI;
			productReference = 4464B4246BA12A0A1EF48F30 /* RoamlyAI.app */;
			productType = "com.apple.product-type.application";
		};
/* End PBXNativeTarget section */

/* Begin PBXProject section */
		E1706B7C8BDAD8B7F67A320B /* Project object */ = {
			isa = PBXProject;
			attributes = {
				BuildIndependentTargetsInParallel = 1;
				LastSwiftUpdateCheck = 1500;
				LastUpgradeCheck = 1500;
				TargetAttributes = {
					3E6CBAAE7AB258D285C42E16 = {
						CreatedOnToolsVersion = 15.0;
					};
				};
			};
			buildConfigurationList = A2355860006866879C9AA07A /* Build configuration list for PBXProject "RoamlyAI" */;
			compatibilityVersion = "Xcode 14.0";
			developmentRegion = en;
			hasScannedForEncodings = 0;
			knownRegions = (
				en,
				Base,
			);
			mainGroup = 402BC73CB5AB7BF94356068F;
			productRefGroup = 27A9D1FE78286A9928A263A2 /* Products */;
			projectDirPath = "";
			projectRoot = "";
			targets = (
				3E6CBAAE7AB258D285C42E16 /* RoamlyAI */,
			);
		};
/* End PBXProject section */

/* Begin PBXResourcesBuildPhase section */
		9333C363E1D5233015BB16B6 /* Resources */ = {
			isa = PBXResourcesBuildPhase;
			buildActionMask = 2147483647;
			files = (
				10A898D61F5DAB68CC665F3D /* Assets.xcassets in Resources */,
			);
			runOnlyForDeploymentPostprocessing = 0;
		};
/* End PBXResourcesBuildPhase section */

/* Begin PBXSourcesBuildPhase section */
		9187B12A9F91EEDE1A435B2F /* Sources */ = {
			isa = PBXSourcesBuildPhase;
			buildActionMask = 2147483647;
			files = (
				BB7020A4E9ADFA9231E63BA3 /* LandingView.swift in Sources */,
				4D7A936843D3AB3DA7F8B620 /* RoamlyAIApp.swift in Sources */,
				40868F62B5CAD054B47071B8 /* AudioRecorderViewModel.swift in Sources */,
				9CDBADE3C8BB68A1E213ACDB /* AudioMessage.swift in Sources */,
				512BE135EACF7BC4E9A2D407 /* SpeechRecognitionService.swift in Sources */,
				5F11F8015EDE7FED6D470A1F /* TravelAIService.swift in Sources */,
				C5024FB1D43A47C61C851057 /* GemmaModelManager.swift in Sources */,
				10A9D0D555FFE56151339B9D /* LocationService.swift in Sources */,
				C70122EE8467D397BE60ECBB /* GeoFact.swift in Sources */,
				7F46AA2B406C9F200B2ADFFC /* WikipediaFactsService.swift in Sources */,
				E52EA0E34BF7CAB0203AE79F /* GeoFactsStore.swift in Sources */,
				7580A3D31283DF78091B0B89 /* DestinationSetupView.swift in Sources */,
				D4FAAB5BDA4CF48E92A99C93 /* FoundationModelBridge.swift in Sources */,
			);
			runOnlyForDeploymentPostprocessing = 0;
		};
/* End PBXSourcesBuildPhase section */

/* Begin XCBuildConfiguration section */
		DDDE352652FFCBA2E89002FE /* Debug */ = {
			isa = XCBuildConfiguration;
			buildSettings = {
				ALWAYS_SEARCH_USER_PATHS = NO;
				ASSETCATALOG_COMPILER_GENERATE_SWIFT_ASSET_SYMBOL_EXTENSIONS = YES;
				CLANG_ANALYZER_NONNULL = YES;
				CLANG_ANALYZER_NUMBER_OBJECT_CONVERSION = YES_AGGRESSIVE;
				CLANG_CXX_LANGUAGE_STANDARD = "gnu++20";
				CLANG_ENABLE_MODULES = YES;
				CLANG_ENABLE_OBJC_ARC = YES;
				CLANG_ENABLE_OBJC_WEAK = YES;
				CLANG_WARN_BLOCK_CAPTURE_AUTORELEASING = YES;
				CLANG_WARN_BOOL_CONVERSION = YES;
				CLANG_WARN_COMMA = YES;
				CLANG_WARN_CONSTANT_CONVERSION = YES;
				CLANG_WARN_DEPRECATED_OBJC_IMPLEMENTATIONS = YES;
				CLANG_WARN_DIRECT_OBJC_ISA_USAGE = YES_ERROR;
				CLANG_WARN_DOCUMENTATION_COMMENTS = YES;
				CLANG_WARN_EMPTY_BODY = YES;
				CLANG_WARN_ENUM_CONVERSION = YES;
				CLANG_WARN_INFINITE_RECURSION = YES;
				CLANG_WARN_INT_CONVERSION = YES;
				CLANG_WARN_NON_LITERAL_NULL_CONVERSION = YES;
				CLANG_WARN_OBJC_IMPLICIT_RETAIN_SELF = YES;
				CLANG_WARN_OBJC_LITERAL_CONVERSION = YES;
				CLANG_WARN_OBJC_ROOT_CLASS = YES_ERROR;
				CLANG_WARN_QUOTED_INCLUDE_IN_FRAMEWORK_HEADER = YES;
				CLANG_WARN_RANGE_LOOP_ANALYSIS = YES;
				CLANG_WARN_STRICT_PROTOTYPES = YES;
				CLANG_WARN_SUSPICIOUS_MOVE = YES;
				CLANG_WARN_UNGUARDED_AVAILABILITY = YES_AGGRESSIVE;
				CLANG_WARN_UNREACHABLE_CODE = YES;
				CLANG_WARN__DUPLICATE_METHOD_MATCH = YES;
				COPY_PHASE_STRIP = NO;
				DEBUG_INFORMATION_FORMAT = dwarf;
				ENABLE_STRICT_OBJC_MSGSEND = YES;
				ENABLE_TESTABILITY = YES;
				ENABLE_USER_SCRIPT_SANDBOXING = YES;
				GCC_C_LANGUAGE_STANDARD = gnu17;
				GCC_DYNAMIC_NO_PIC = NO;
				GCC_NO_COMMON_BLOCKS = YES;
				GCC_OPTIMIZATION_LEVEL = 0;
				GCC_PREPROCESSOR_DEFINITIONS = (
					"DEBUG=1",
					"$(inherited)",
				);
				GCC_WARN_64_TO_32_BIT_CONVERSION = YES;
				GCC_WARN_ABOUT_RETURN_TYPE = YES_ERROR;
				GCC_WARN_UNDECLARED_SELECTOR = YES;
				GCC_WARN_UNINITIALIZED_AUTOS = YES_AGGRESSIVE;
				GCC_WARN_UNUSED_FUNCTION = YES;
				GCC_WARN_UNUSED_VARIABLE = YES;
				IPHONEOS_DEPLOYMENT_TARGET = 15.0;
				LOCALIZATION_PREFERS_STRING_CATALOGS = YES;
				MTL_ENABLE_DEBUG_INFO = INCLUDE_SOURCE;
				MTL_FAST_MATH = YES;
				ONLY_ACTIVE_ARCH = YES;
				SDKROOT = iphoneos;
				SWIFT_ACTIVE_COMPILATION_CONDITIONS = "DEBUG $(inherited)";
				SWIFT_OPTIMIZATION_LEVEL = "-Onone";
			};
			name = Debug;
		};
		F0DF1FE067448F0923BE1639 /* Release */ = {
			isa = XCBuildConfiguration;
			buildSettings = {
				ALWAYS_SEARCH_USER_PATHS = NO;
				ASSETCATALOG_COMPILER_GENERATE_SWIFT_ASSET_SYMBOL_EXTENSIONS = YES;
				CLANG_ANALYZER_NONNULL = YES;
				CLANG_ANALYZER_NUMBER_OBJECT_CONVERSION = YES_AGGRESSIVE;
				CLANG_CXX_LANGUAGE_STANDARD = "gnu++20";
				CLANG_ENABLE_MODULES = YES;
				CLANG_ENABLE_OBJC_ARC = YES;
				CLANG_ENABLE_OBJC_WEAK = YES;
				CLANG_WARN_BLOCK_CAPTURE_AUTORELEASING = YES;
				CLANG_WARN_BOOL_CONVERSION = YES;
				CLANG_WARN_COMMA = YES;
				CLANG_WARN_CONSTANT_CONVERSION = YES;
				CLANG_WARN_DEPRECATED_OBJC_IMPLEMENTATIONS = YES;
				CLANG_WARN_DIRECT_OBJC_ISA_USAGE = YES_ERROR;
				CLANG_WARN_DOCUMENTATION_COMMENTS = YES;
				CLANG_WARN_EMPTY_BODY = YES;
				CLANG_WARN_ENUM_CONVERSION = YES;
				CLANG_WARN_INFINITE_RECURSION = YES;
				CLANG_WARN_INT_CONVERSION = YES;
				CLANG_WARN_NON_LITERAL_NULL_CONVERSION = YES;
				CLANG_WARN_OBJC_IMPLICIT_RETAIN_SELF = YES;
				CLANG_WARN_OBJC_LITERAL_CONVERSION = YES;
				CLANG_WARN_OBJC_ROOT_CLASS = YES_ERROR;
				CLANG_WARN_QUOTED_INCLUDE_IN_FRAMEWORK_HEADER = YES;
				CLANG_WARN_RANGE_LOOP_ANALYSIS = YES;
				CLANG_WARN_STRICT_PROTOTYPES = YES;
				CLANG_WARN_SUSPICIOUS_MOVE = YES;
				CLANG_WARN_UNGUARDED_AVAILABILITY = YES_AGGRESSIVE;
				CLANG_WARN_UNREACHABLE_CODE = YES;
				CLANG_WARN__DUPLICATE_METHOD_MATCH = YES;
				COPY_PHASE_STRIP = NO;
				DEBUG_INFORMATION_FORMAT = "dwarf-with-dsym";
				ENABLE_NS_ASSERTIONS = NO;
				ENABLE_STRICT_OBJC_MSGSEND = YES;
				ENABLE_USER_SCRIPT_SANDBOXING = YES;
				GCC_C_LANGUAGE_STANDARD = gnu17;
				GCC_NO_COMMON_BLOCKS = YES;
				GCC_WARN_64_TO_32_BIT_CONVERSION = YES;
				GCC_WARN_ABOUT_RETURN_TYPE = YES_ERROR;
				GCC_WARN_UNDECLARED_SELECTOR = YES;
				GCC_WARN_UNINITIALIZED_AUTOS = YES_AGGRESSIVE;
				GCC_WARN_UNUSED_FUNCTION = YES;
				GCC_WARN_UNUSED_VARIABLE = YES;
				IPHONEOS_DEPLOYMENT_TARGET = 15.0;
				LOCALIZATION_PREFERS_STRING_CATALOGS = YES;
				MTL_ENABLE_DEBUG_INFO = NO;
				MTL_FAST_MATH = YES;
				SDKROOT = iphoneos;
				SWIFT_COMPILATION_MODE = wholemodule;
				VALIDATE_PRODUCT = YES;
			};
			name = Release;
		};
		28FCB957222B861924AA7B8D /* Debug */ = {
			isa = XCBuildConfiguration;
			buildSettings = {
				ASSETCATALOG_COMPILER_APPICON_NAME = AppIcon;
				ASSETCATALOG_COMPILER_GLOBAL_ACCENT_COLOR_NAME = AccentColor;
				CODE_SIGN_STYLE = Automatic;
				CURRENT_PROJECT_VERSION = 1;
				DEVELOPMENT_TEAM = "";
				ENABLE_PREVIEWS = YES;
				GENERATE_INFOPLIST_FILE = YES;
				INFOPLIST_FILE = RoamlyAI/Info.plist;
				INFOPLIST_KEY_UIApplicationSceneManifest_Generation = YES;
				INFOPLIST_KEY_UIApplicationSupportsIndirectInputEvents = YES;
				INFOPLIST_KEY_UILaunchScreen_Generation = YES;
				INFOPLIST_KEY_UISupportedInterfaceOrientations_iPad = "UIInterfaceOrientationPortrait UIInterfaceOrientationPortraitUpsideDown UIInterfaceOrientationLandscapeLeft UIInterfaceOrientationLandscapeRight";
				INFOPLIST_KEY_UISupportedInterfaceOrientations_iPhone = "UIInterfaceOrientationPortrait UIInterfaceOrientationLandscapeLeft UIInterfaceOrientationLandscapeRight";
				LD_RUNPATH_SEARCH_PATHS = (
					"$(inherited)",
					"@executable_path/Frameworks",
				);
				MARKETING_VERSION = 1.0;
				PRODUCT_BUNDLE_IDENTIFIER = com.roamly.RoamlyAI;
				PRODUCT_NAME = "$(TARGET_NAME)";
				SWIFT_EMIT_LOC_STRINGS = YES;
				SWIFT_VERSION = 5.0;
				TARGETED_DEVICE_FAMILY = "1,2";
			};
			name = Debug;
		};
		D2AF76EE30BB7F1D64D9B4E7 /* Release */ = {
			isa = XCBuildConfiguration;
			buildSettings = {
				ASSETCATALOG_COMPILER_APPICON_NAME = AppIcon;
				ASSETCATALOG_COMPILER_GLOBAL_ACCENT_COLOR_NAME = AccentColor;
				CODE_SIGN_STYLE = Automatic;
				CURRENT_PROJECT_VERSION = 1;
				DEVELOPMENT_TEAM = "";
				ENABLE_PREVIEWS = YES;
				GENERATE_INFOPLIST_FILE = YES;
				INFOPLIST_FILE = RoamlyAI/Info.plist;
				INFOPLIST_KEY_UIApplicationSceneManifest_Generation = YES;
				INFOPLIST_KEY_UIApplicationSupportsIndirectInputEvents = YES;
				INFOPLIST_KEY_UILaunchScreen_Generation = YES;
				INFOPLIST_KEY_UISupportedInterfaceOrientations_iPad = "UIInterfaceOrientationPortrait UIInterfaceOrientationPortraitUpsideDown UIInterfaceOrientationLandscapeLeft UIInterfaceOrientationLandscapeRight";
				INFOPLIST_KEY_UISupportedInterfaceOrientations_iPhone = "UIInterfaceOrientationPortrait UIInterfaceOrientationLandscapeLeft UIInterfaceOrientationLandscapeRight";
				LD_RUNPATH_SEARCH_PATHS = (
					"$(inherited)",
					"@executable_path/Frameworks",
				);
				MARKETING_VERSION = 1.0;
				PRODUCT_BUNDLE_IDENTIFIER = com.roamly.RoamlyAI;
				PRODUCT_NAME = "$(TARGET_NAME)";
				SWIFT_EMIT_LOC_STRINGS = YES;
				SWIFT_VERSION = 5.0;
				TARGETED_DEVICE_FAMILY = "1,2";
			};
			name = Release;
		};
/* End XCBuildConfiguration section */

/* Begin XCConfigurationList section */
		A2355860006866879C9AA07A /* Build configuration list for PBXProject "RoamlyAI" */ = {
			isa = XCConfigurationList;
			buildConfigurations = (
				DDDE352652FFCBA2E89002FE /* Debug */,
				F0DF1FE067448F0923BE1639 /* Release */,
			);
			defaultConfigurationIsVisible = 0;
			defaultConfigurationName = Release;
		};
		3E1527BB7CAB8923303648E6 /* Build configuration list for PBXNativeTarget "RoamlyAI" */ = {
			isa = XCConfigurationList;
			buildConfigurations = (
				28FCB957222B861924AA7B8D /* Debug */,
				D2AF76EE30BB7F1D64D9B4E7 /* Release */,
			);
			defaultConfigurationIsVisible = 0;
			defaultConfigurationName = Release;
		};
/* End XCConfigurationList section */
	};
	rootObject = E1706B7C8BDAD8B7F67A320B /* Project object */;
}
